// !$*UTF8*$!
{
	archiveVersion = 1;
	classes = {
	};
	objectVersion = 46;
	objects = {

/* Begin PBXBuildFile section */
		EF08561A1F4CC96D008AC1AB /* AppDelegate.swift in Sources */ = {isa = PBXBuildFile; fileRef = EF0856191F4CC96D008AC1AB /* AppDelegate.swift */; };
		EF0856221F4CC96E008AC1AB /* GameViewController.swift in Sources */ = {isa = PBXBuildFile; fileRef = EF0856211F4CC96E008AC1AB /* GameViewController.swift */; };
		EF0856251F4CC96E008AC1AB /* Main.storyboard in Resources */ = {isa = PBXBuildFile; fileRef = EF0856231F4CC96E008AC1AB /* Main.storyboard */; };
		EF0856271F4CC96E008AC1AB /* Assets.xcassets in Resources */ = {isa = PBXBuildFile; fileRef = EF0856261F4CC96E008AC1AB /* Assets.xcassets */; };
		EF08562A1F4CC96E008AC1AB /* LaunchScreen.storyboard in Resources */ = {isa = PBXBuildFile; fileRef = EF0856281F4CC96E008AC1AB /* LaunchScreen.storyboard */; };
		EF3CDE841FB3A40B00C66109 /* Sprites.atlas in Resources */ = {isa = PBXBuildFile; fileRef = EF3CDE831FB3A40B00C66109 /* Sprites.atlas */; };
		EF3CDE8A1FB3C48600C66109 /* WelcomeScene.swift in Sources */ = {isa = PBXBuildFile; fileRef = EF3CDE891FB3C48600C66109 /* WelcomeScene.swift */; };
		EF4A3BFA1FE070BA0024E127 /* UserRegistration.swift in Sources */ = {isa = PBXBuildFile; fileRef = EF4A3BF91FE070BA0024E127 /* UserRegistration.swift */; };
		EF5DD3B91FE0617B00907BFE /* GoogleService-Info.plist in Resources */ = {isa = PBXBuildFile; fileRef = EF5DD3B81FE0617B00907BFE /* GoogleService-Info.plist */; };
		EF67C2B01F7616BC0052B8BE /* GameKit.framework in Frameworks */ = {isa = PBXBuildFile; fileRef = EF67C2AF1F7616BB0052B8BE /* GameKit.framework */; };
		EFB3B0F41F7980BF00B92263 /* GameOverScene.swift in Sources */ = {isa = PBXBuildFile; fileRef = EFB3B0F31F7980BF00B92263 /* GameOverScene.swift */; };
		EFB3B0F51F798A2700B92263 /* GameScene.swift in Sources */ = {isa = PBXBuildFile; fileRef = EF08561F1F4CC96E008AC1AB /* GameScene.swift */; };
		F07825B9B371F4726E81B236 /* Pods_SKLab1.framework in Frameworks */ = {isa = PBXBuildFile; fileRef = 2038F00D6168DD9F79E78AC2 /* Pods_SKLab1.framework */; };
/* End PBXBuildFile section */

/* Begin PBXFileReference section */
		2038F00D6168DD9F79E78AC2 /* Pods_SKLab1.framework */ = {isa = PBXFileReference; explicitFileType = wrapper.framework; includeInIndex = 0; path = Pods_SKLab1.framework; sourceTree = BUILT_PRODUCTS_DIR; };
		7D24755D1291932AAC12BD43 /* Pods-SKLab1.release.xcconfig */ = {isa = PBXFileReference; includeInIndex = 1; lastKnownFileType = text.xcconfig; name = "Pods-SKLab1.release.xcconfig"; path = "Pods/Target Support Files/Pods-SKLab1/Pods-SKLab1.release.xcconfig"; sourceTree = "<group>"; };
		89E6C6E25FC17DA824D75AAD /* Pods-SKLab1.debug.xcconfig */ = {isa = PBXFileReference; includeInIndex = 1; lastKnownFileType = text.xcconfig; name = "Pods-SKLab1.debug.xcconfig"; path = "Pods/Target Support Files/Pods-SKLab1/Pods-SKLab1.debug.xcconfig"; sourceTree = "<group>"; };
		EF0856161F4CC96D008AC1AB /* Udon Catch Me!.app */ = {isa = PBXFileReference; explicitFileType = wrapper.application; includeInIndex = 0; path = "Udon Catch Me!.app"; sourceTree = BUILT_PRODUCTS_DIR; };
		EF0856191F4CC96D008AC1AB /* AppDelegate.swift */ = {isa = PBXFileReference; lastKnownFileType = sourcecode.swift; path = AppDelegate.swift; sourceTree = "<group>"; };
		EF08561F1F4CC96E008AC1AB /* GameScene.swift */ = {isa = PBXFileReference; lastKnownFileType = sourcecode.swift; path = GameScene.swift; sourceTree = "<group>"; };
		EF0856211F4CC96E008AC1AB /* GameViewController.swift */ = {isa = PBXFileReference; lastKnownFileType = sourcecode.swift; path = GameViewController.swift; sourceTree = "<group>"; };
		EF0856241F4CC96E008AC1AB /* Base */ = {isa = PBXFileReference; lastKnownFileType = file.storyboard; name = Base; path = Base.lproj/Main.storyboard; sourceTree = "<group>"; };
		EF0856261F4CC96E008AC1AB /* Assets.xcassets */ = {isa = PBXFileReference; lastKnownFileType = folder.assetcatalog; path = Assets.xcassets; sourceTree = "<group>"; };
		EF0856291F4CC96E008AC1AB /* Base */ = {isa = PBXFileReference; lastKnownFileType = file.storyboard; name = Base; path = Base.lproj/LaunchScreen.storyboard; sourceTree = "<group>"; };
		EF08562B1F4CC96E008AC1AB /* Info.plist */ = {isa = PBXFileReference; lastKnownFileType = text.plist.xml; path = Info.plist; sourceTree = "<group>"; };
		EF3CDE831FB3A40B00C66109 /* Sprites.atlas */ = {isa = PBXFileReference; lastKnownFileType = folder.skatlas; name = Sprites.atlas; path = Assets.xcassets/Sprites.atlas; sourceTree = "<group>"; };
		EF3CDE891FB3C48600C66109 /* WelcomeScene.swift */ = {isa = PBXFileReference; fileEncoding = 4; lastKnownFileType = sourcecode.swift; path = WelcomeScene.swift; sourceTree = "<group>"; };
		EF4A3BF91FE070BA0024E127 /* UserRegistration.swift */ = {isa = PBXFileReference; fileEncoding = 4; lastKnownFileType = sourcecode.swift; path = UserRegistration.swift; sourceTree = "<group>"; };
		EF5DD3B81FE0617B00907BFE /* GoogleService-Info.plist */ = {isa = PBXFileReference; fileEncoding = 4; lastKnownFileType = text.plist.xml; path = "GoogleService-Info.plist"; sourceTree = "<group>"; };
		EF67C2AF1F7616BB0052B8BE /* GameKit.framework */ = {isa = PBXFileReference; lastKnownFileType = wrapper.framework; name = GameKit.framework; path = System/Library/Frameworks/GameKit.framework; sourceTree = SDKROOT; };
		EFB3B0F01F761A4F00B92263 /* SKLab1.entitlements */ = {isa = PBXFileReference; lastKnownFileType = text.plist.entitlements; path = SKLab1.entitlements; sourceTree = "<group>"; };
		EFB3B0F31F7980BF00B92263 /* GameOverScene.swift */ = {isa = PBXFileReference; fileEncoding = 4; lastKnownFileType = sourcecode.swift; path = GameOverScene.swift; sourceTree = "<group>"; };
/* End PBXFileReference section */

/* Begin PBXFrameworksBuildPhase section */
		EF0856131F4CC96D008AC1AB /* Frameworks */ = {
			isa = PBXFrameworksBuildPhase;
			buildActionMask = 2147483647;
			files = (
				EF67C2B01F7616BC0052B8BE /* GameKit.framework in Frameworks */,
				F07825B9B371F4726E81B236 /* Pods_SKLab1.framework in Frameworks */,
			);
			runOnlyForDeploymentPostprocessing = 0;
		};
/* End PBXFrameworksBuildPhase section */

/* Begin PBXGroup section */
		DAEA47933EE15E18F049E23C /* Pods */ = {
			isa = PBXGroup;
			children = (
				89E6C6E25FC17DA824D75AAD /* Pods-SKLab1.debug.xcconfig */,
				7D24755D1291932AAC12BD43 /* Pods-SKLab1.release.xcconfig */,
			);
			name = Pods;
			sourceTree = "<group>";
		};
		EF08560D1F4CC96D008AC1AB = {
			isa = PBXGroup;
			children = (
				EF0856181F4CC96D008AC1AB /* SKLab1 */,
				EF0856171F4CC96D008AC1AB /* Products */,
				EF67C2AE1F7616BB0052B8BE /* Frameworks */,
				DAEA47933EE15E18F049E23C /* Pods */,
			);
			sourceTree = "<group>";
		};
		EF0856171F4CC96D008AC1AB /* Products */ = {
			isa = PBXGroup;
			children = (
				EF0856161F4CC96D008AC1AB /* Udon Catch Me!.app */,
			);
			name = Products;
			sourceTree = "<group>";
		};
		EF0856181F4CC96D008AC1AB /* SKLab1 */ = {
			isa = PBXGroup;
			children = (
				EFB3B0F01F761A4F00B92263 /* SKLab1.entitlements */,
				EF0856191F4CC96D008AC1AB /* AppDelegate.swift */,
				EF3CDE891FB3C48600C66109 /* WelcomeScene.swift */,
				EFB3B0F31F7980BF00B92263 /* GameOverScene.swift */,
				EF4A3BF91FE070BA0024E127 /* UserRegistration.swift */,
				EF08561F1F4CC96E008AC1AB /* GameScene.swift */,
				EF0856211F4CC96E008AC1AB /* GameViewController.swift */,
				EF0856231F4CC96E008AC1AB /* Main.storyboard */,
				EF0856261F4CC96E008AC1AB /* Assets.xcassets */,
				EF3CDE831FB3A40B00C66109 /* Sprites.atlas */,
				EF0856281F4CC96E008AC1AB /* LaunchScreen.storyboard */,
				EF08562B1F4CC96E008AC1AB /* Info.plist */,
				EF5DD3B81FE0617B00907BFE /* GoogleService-Info.plist */,
			);
			path = SKLab1;
			sourceTree = "<group>";
		};
		EF67C2AE1F7616BB0052B8BE /* Frameworks */ = {
			isa = PBXGroup;
			children = (
				EF67C2AF1F7616BB0052B8BE /* GameKit.framework */,
				2038F00D6168DD9F79E78AC2 /* Pods_SKLab1.framework */,
			);
			name = Frameworks;
			sourceTree = "<group>";
		};
/* End PBXGroup section */

/* Begin PBXNativeTarget section */
		EF0856151F4CC96D008AC1AB /* SKLab1 */ = {
			isa = PBXNativeTarget;
			buildConfigurationList = EF08562E1F4CC96E008AC1AB /* Build configuration list for PBXNativeTarget "SKLab1" */;
			buildPhases = (
				5B0CCF613279D2BC357523F4 /* [CP] Check Pods Manifest.lock */,
				EF0856121F4CC96D008AC1AB /* Sources */,
				EF0856131F4CC96D008AC1AB /* Frameworks */,
				EF0856141F4CC96D008AC1AB /* Resources */,
				520B98DFBD23A45CBC18877F /* [CP] Embed Pods Frameworks */,
				0C984B39EDCEE16049763BB9 /* [CP] Copy Pods Resources */,
			);
			buildRules = (
			);
			dependencies = (
			);
			name = SKLab1;
			productName = SKLab1;
			productReference = EF0856161F4CC96D008AC1AB /* Udon Catch Me!.app */;
			productType = "com.apple.product-type.application";
		};
/* End PBXNativeTarget section */

/* Begin PBXProject section */
		EF08560E1F4CC96D008AC1AB /* Project object */ = {
			isa = PBXProject;
			attributes = {
				LastSwiftUpdateCheck = 0830;
				LastUpgradeCheck = 0830;
				ORGANIZATIONNAME = lisahsteele;
				TargetAttributes = {
					EF0856151F4CC96D008AC1AB = {
						CreatedOnToolsVersion = 8.3.2;
						DevelopmentTeam = 77F66T2364;
						ProvisioningStyle = Automatic;
						SystemCapabilities = {
							com.apple.GameCenter = {
								enabled = 1;
							};
							com.apple.Push = {
								enabled = 1;
							};
						};
					};
				};
			};
			buildConfigurationList = EF0856111F4CC96D008AC1AB /* Build configuration list for PBXProject "SKLab1" */;
			compatibilityVersion = "Xcode 3.2";
			developmentRegion = English;
			hasScannedForEncodings = 0;
			knownRegions = (
				en,
				Base,
			);
			mainGroup = EF08560D1F4CC96D008AC1AB;
			productRefGroup = EF0856171F4CC96D008AC1AB /* Products */;
			projectDirPath = "";
			projectRoot = "";
			targets = (
				EF0856151F4CC96D008AC1AB /* SKLab1 */,
			);
		};
/* End PBXProject section */

/* Begin PBXResourcesBuildPhase section */
		EF0856141F4CC96D008AC1AB /* Resources */ = {
			isa = PBXResourcesBuildPhase;
			buildActionMask = 2147483647;
			files = (
				EF0856251F4CC96E008AC1AB /* Main.storyboard in Resources */,
				EF0856271F4CC96E008AC1AB /* Assets.xcassets in Resources */,
				EF5DD3B91FE0617B00907BFE /* GoogleService-Info.plist in Resources */,
				EF3CDE841FB3A40B00C66109 /* Sprites.atlas in Resources */,
				EF08562A1F4CC96E008AC1AB /* LaunchScreen.storyboard in Resources */,
			);
			runOnlyForDeploymentPostprocessing = 0;
		};
/* End PBXResourcesBuildPhase section */

/* Begin PBXShellScriptBuildPhase section */
		0C984B39EDCEE16049763BB9 /* [CP] Copy Pods Resources */ = {
			isa = PBXShellScriptBuildPhase;
			buildActionMask = 2147483647;
			files = (
			);
			inputPaths = (
			);
			name = "[CP] Copy Pods Resources";
			outputPaths = (
			);
			runOnlyForDeploymentPostprocessing = 0;
			shellPath = /bin/sh;
			shellScript = "\"${SRCROOT}/Pods/Target Support Files/Pods-SKLab1/Pods-SKLab1-resources.sh\"\n";
			showEnvVarsInLog = 0;
		};
		520B98DFBD23A45CBC18877F /* [CP] Embed Pods Frameworks */ = {
			isa = PBXShellScriptBuildPhase;
			buildActionMask = 2147483647;
			files = (
			);
			inputPaths = (
				"${SRCROOT}/Pods/Target Support Files/Pods-SKLab1/Pods-SKLab1-frameworks.sh",
				"${BUILT_PRODUCTS_DIR}/GoogleToolboxForMac/GoogleToolboxForMac.framework",
				"${BUILT_PRODUCTS_DIR}/leveldb-library/leveldb.framework",
				"${BUILT_PRODUCTS_DIR}/nanopb/nanopb.framework",
			);
			name = "[CP] Embed Pods Frameworks";
			outputPaths = (
				"${TARGET_BUILD_DIR}/${FRAMEWORKS_FOLDER_PATH}/GoogleToolboxForMac.framework",
				"${TARGET_BUILD_DIR}/${FRAMEWORKS_FOLDER_PATH}/leveldb.framework",
				"${TARGET_BUILD_DIR}/${FRAMEWORKS_FOLDER_PATH}/nanopb.framework",
			);
			runOnlyForDeploymentPostprocessing = 0;
			shellPath = /bin/sh;
			shellScript = "\"${SRCROOT}/Pods/Target Support Files/Pods-SKLab1/Pods-SKLab1-frameworks.sh\"\n";
			showEnvVarsInLog = 0;
		};
		5B0CCF613279D2BC357523F4 /* [CP] Check Pods Manifest.lock */ = {
			isa = PBXShellScriptBuildPhase;
			buildActionMask = 2147483647;
			files = (
			);
			inputPaths = (
				"${PODS_PODFILE_DIR_PATH}/Podfile.lock",
				"${PODS_ROOT}/Manifest.lock",
			);
			name = "[CP] Check Pods Manifest.lock";
			outputPaths = (
				"$(DERIVED_FILE_DIR)/Pods-SKLab1-checkManifestLockResult.txt",
			);
			runOnlyForDeploymentPostprocessing = 0;
			shellPath = /bin/sh;
			shellScript = "diff \"${PODS_PODFILE_DIR_PATH}/Podfile.lock\" \"${PODS_ROOT}/Manifest.lock\" > /dev/null\nif [ $? != 0 ] ; then\n    # print error to STDERR\n    echo \"error: The sandbox is not in sync with the Podfile.lock. Run 'pod install' or update your CocoaPods installation.\" >&2\n    exit 1\nfi\n# This output is used by Xcode 'outputs' to avoid re-running this script phase.\necho \"SUCCESS\" > \"${SCRIPT_OUTPUT_FILE_0}\"\n";
			showEnvVarsInLog = 0;
		};
/* End PBXShellScriptBuildPhase section */

/* Begin PBXSourcesBuildPhase section */
		EF0856121F4CC96D008AC1AB /* Sources */ = {
			isa = PBXSourcesBuildPhase;
			buildActionMask = 2147483647;
			files = (
				EFB3B0F51F798A2700B92263 /* GameScene.swift in Sources */,
				EF0856221F4CC96E008AC1AB /* GameViewController.swift in Sources */,
				EF3CDE8A1FB3C48600C66109 /* WelcomeScene.swift in Sources */,
				EF4A3BFA1FE070BA0024E127 /* UserRegistration.swift in Sources */,
				EF08561A1F4CC96D008AC1AB /* AppDelegate.swift in Sources */,
				EFB3B0F41F7980BF00B92263 /* GameOverScene.swift in Sources */,
			);
			runOnlyForDeploymentPostprocessing = 0;
		};
/* End PBXSourcesBuildPhase section */

/* Begin PBXVariantGroup section */
		EF0856231F4CC96E008AC1AB /* Main.storyboard */ = {
			isa = PBXVariantGroup;
			children = (
				EF0856241F4CC96E008AC1AB /* Base */,
			);
			name = Main.storyboard;
			sourceTree = "<group>";
		};
		EF0856281F4CC96E008AC1AB /* LaunchScreen.storyboard */ = {
			isa = PBXVariantGroup;
			children = (
				EF0856291F4CC96E008AC1AB /* Base */,
			);
			name = LaunchScreen.storyboard;
			sourceTree = "<group>";
		};
/* End PBXVariantGroup section */

/* Begin XCBuildConfiguration section */
		EF08562C1F4CC96E008AC1AB /* Debug */ = {
			isa = XCBuildConfiguration;
			buildSettings = {
				ALWAYS_SEARCH_USER_PATHS = NO;
				CLANG_ANALYZER_NONNULL = YES;
				CLANG_ANALYZER_NUMBER_OBJECT_CONVERSION = YES_AGGRESSIVE;
				CLANG_CXX_LANGUAGE_STANDARD = "gnu++0x";
				CLANG_CXX_LIBRARY = "libc++";
				CLANG_ENABLE_MODULES = YES;
				CLANG_ENABLE_OBJC_ARC = YES;
				CLANG_WARN_BOOL_CONVERSION = YES;
				CLANG_WARN_CONSTANT_CONVERSION = YES;
				CLANG_WARN_DIRECT_OBJC_ISA_USAGE = YES_ERROR;
				CLANG_WARN_DOCUMENTATION_COMMENTS = YES;
				CLANG_WARN_EMPTY_BODY = YES;
				CLANG_WARN_ENUM_CONVERSION = YES;
				CLANG_WARN_INFINITE_RECURSION = YES;
				CLANG_WARN_INT_CONVERSION = YES;
				CLANG_WARN_OBJC_ROOT_CLASS = YES_ERROR;
				CLANG_WARN_SUSPICIOUS_MOVE = YES;
				CLANG_WARN_UNREACHABLE_CODE = YES;
				CLANG_WARN__DUPLICATE_METHOD_MATCH = YES;
				"CODE_SIGN_IDENTITY[sdk=iphoneos*]" = "iPhone Developer";
				COPY_PHASE_STRIP = NO;
				DEBUG_INFORMATION_FORMAT = dwarf;
				ENABLE_STRICT_OBJC_MSGSEND = YES;
				ENABLE_TESTABILITY = YES;
				GCC_C_LANGUAGE_STANDARD = gnu99;
				GCC_DYNAMIC_NO_PIC = NO;
				GCC_NO_COMMON_BLOCKS = YES;
				GCC_OPTIMIZATION_LEVEL = 0;
				GCC_PREPROCESSOR_DEFINITIONS = (
					"DEBUG=1",
					"$(inherited)",
				);
				GCC_WARN_64_TO_32_BIT_CONVERSION = YES;
				GCC_WARN_ABOUT_RETURN_TYPE = YES_ERROR;
				GCC_WARN_UNDECLARED_SELECTOR = YES;
				GCC_WARN_UNINITIALIZED_AUTOS = YES_AGGRESSIVE;
				GCC_WARN_UNUSED_FUNCTION = YES;
				GCC_WARN_UNUSED_VARIABLE = YES;
				IPHONEOS_DEPLOYMENT_TARGET = 10.3;
				MTL_ENABLE_DEBUG_INFO = YES;
				ONLY_ACTIVE_ARCH = YES;
				SDKROOT = iphoneos;
				SWIFT_ACTIVE_COMPILATION_CONDITIONS = DEBUG;
				SWIFT_OPTIMIZATION_LEVEL = "-Onone";
			};
			name = Debug;
		};
		EF08562D1F4CC96E008AC1AB /* Release */ = {
			isa = XCBuildConfiguration;
			buildSettings = {
				ALWAYS_SEARCH_USER_PATHS = NO;
				CLANG_ANALYZER_NONNULL = YES;
				CLANG_ANALYZER_NUMBER_OBJECT_CONVERSION = YES_AGGRESSIVE;
				CLANG_CXX_LANGUAGE_STANDARD = "gnu++0x";
				CLANG_CXX_LIBRARY = "libc++";
				CLANG_ENABLE_MODULES = YES;
				CLANG_ENABLE_OBJC_ARC = YES;
				CLANG_WARN_BOOL_CONVERSION = YES;
				CLANG_WARN_CONSTANT_CONVERSION = YES;
				CLANG_WARN_DIRECT_OBJC_ISA_USAGE = YES_ERROR;
				CLANG_WARN_DOCUMENTATION_COMMENTS = YES;
				CLANG_WARN_EMPTY_BODY = YES;
				CLANG_WARN_ENUM_CONVERSION = YES;
				CLANG_WARN_INFINITE_RECURSION = YES;
				CLANG_WARN_INT_CONVERSION = YES;
				CLANG_WARN_OBJC_ROOT_CLASS = YES_ERROR;
				CLANG_WARN_SUSPICIOUS_MOVE = YES;
				CLANG_WARN_UNREACHABLE_CODE = YES;
				CLANG_WARN__DUPLICATE_METHOD_MATCH = YES;
				"CODE_SIGN_IDENTITY[sdk=iphoneos*]" = "iPhone Developer";
				COPY_PHASE_STRIP = NO;
				DEBUG_INFORMATION_FORMAT = "dwarf-with-dsym";
				ENABLE_NS_ASSERTIONS = NO;
				ENABLE_STRICT_OBJC_MSGSEND = YES;
				GCC_C_LANGUAGE_STANDARD = gnu99;
				GCC_NO_COMMON_BLOCKS = YES;
				GCC_WARN_64_TO_32_BIT_CONVERSION = YES;
				GCC_WARN_ABOUT_RETURN_TYPE = YES_ERROR;
				GCC_WARN_UNDECLARED_SELECTOR = YES;
				GCC_WARN_UNINITIALIZED_AUTOS = YES_AGGRESSIVE;
				GCC_WARN_UNUSED_FUNCTION = YES;
				GCC_WARN_UNUSED_VARIABLE = YES;
				IPHONEOS_DEPLOYMENT_TARGET = 10.3;
				MTL_ENABLE_DEBUG_INFO = NO;
				SDKROOT = iphoneos;
				SWIFT_OPTIMIZATION_LEVEL = "-Owholemodule";
				VALIDATE_PRODUCT = YES;
			};
			name = Release;
		};
		EF08562F1F4CC96E008AC1AB /* Debug */ = {
			isa = XCBuildConfiguration;
			baseConfigurationReference = 89E6C6E25FC17DA824D75AAD /* Pods-SKLab1.debug.xcconfig */;
			buildSettings = {
				ASSETCATALOG_COMPILER_APPICON_NAME = AppIcon;
				CODE_SIGN_ENTITLEMENTS = SKLab1/SKLab1.entitlements;
				DEVELOPMENT_TEAM = 77F66T2364;
				INFOPLIST_FILE = SKLab1/Info.plist;
				IPHONEOS_DEPLOYMENT_TARGET = 10.0;
				LD_RUNPATH_SEARCH_PATHS = "$(inherited) @executable_path/Frameworks";
				PRODUCT_BUNDLE_IDENTIFIER = com.lisahsteele.SKLab1;
				PRODUCT_NAME = "Udon Catch Me!";
				SWIFT_VERSION = 3.0;
			};
			name = Debug;
		};
		EF0856301F4CC96E008AC1AB /* Release */ = {
			isa = XCBuildConfiguration;
			baseConfigurationReference = 7D24755D1291932AAC12BD43 /* Pods-SKLab1.release.xcconfig */;
			buildSettings = {
				ASSETCATALOG_COMPILER_APPICON_NAME = AppIcon;
				CODE_SIGN_ENTITLEMENTS = SKLab1/SKLab1.entitlements;
				DEVELOPMENT_TEAM = 77F66T2364;
				INFOPLIST_FILE = SKLab1/Info.plist;
				IPHONEOS_DEPLOYMENT_TARGET = 10.0;
				LD_RUNPATH_SEARCH_PATHS = "$(inherited) @executable_path/Frameworks";
				PRODUCT_BUNDLE_IDENTIFIER = com.lisahsteele.SKLab1;
				PRODUCT_NAME = "Udon Catch Me!";
				SWIFT_VERSION = 3.0;
			};
			name = Release;
		};
/* End XCBuildConfiguration section */

/* Begin XCConfigurationList section */
		EF0856111F4CC96D008AC1AB /* Build configuration list for PBXProject "SKLab1" */ = {
			isa = XCConfigurationList;
			buildConfigurations = (
				EF08562C1F4CC96E008AC1AB /* Debug */,
				EF08562D1F4CC96E008AC1AB /* Release */,
			);
			defaultConfigurationIsVisible = 0;
			defaultConfigurationName = Release;
		};
		EF08562E1F4CC96E008AC1AB /* Build configuration list for PBXNativeTarget "SKLab1" */ = {
			isa = XCConfigurationList;
			buildConfigurations = (
				EF08562F1F4CC96E008AC1AB /* Debug */,
				EF0856301F4CC96E008AC1AB /* Release */,
			);
			defaultConfigurationIsVisible = 0;
			defaultConfigurationName = Release;
		};
/* End XCConfigurationList section */
	};
	rootObject = EF08560E1F4CC96D008AC1AB /* Project object */;
}
